<?xml version="1.0" encoding="utf-8"?>
<Project ToolsVersion="4.0" xmlns="http://schemas.microsoft.com/developer/msbuild/2003">
  <ItemGroup>
    <Filter Include="소스 파일">
      <UniqueIdentifier>{4FC737F1-C7A5-4376-A066-2A32D752A2FF}</UniqueIdentifier>
      <Extensions>cpp;c;cc;cxx;def;odl;idl;hpj;bat;asm;asmx</Extensions>
    </Filter>
    <Filter Include="헤더 파일">
      <UniqueIdentifier>{93995380-89BD-4b04-88EB-625FBE52EBFB}</UniqueIdentifier>
      <Extensions>h;hpp;hxx;hm;inl;inc;xsd</Extensions>
    </Filter>
    <Filter Include="리소스 파일">
      <UniqueIdentifier>{67DA6AB6-F800-4c08-8B7A-83BB121AAD01}</UniqueIdentifier>
      <Extensions>rc;ico;cur;bmp;dlg;rc2;rct;bin;rgs;gif;jpg;jpeg;jpe;resx;tiff;tif;png;wav;mfcribbon-ms</Extensions>
    </Filter>
    <Filter Include="소스 파일\Core">
      <UniqueIdentifier>{b4cd3117-783c-460e-9845-8b8c2b9c1082}</UniqueIdentifier>
    </Filter>
    <Filter Include="헤더 파일\Core">
      <UniqueIdentifier>{ba4f5ba6-0f45-48c8-8b0c-ab944f70e334}</UniqueIdentifier>
    </Filter>
  </ItemGroup>
  <ItemGroup>
    <ClCompile Include="Fried.cpp">
      <Filter>소스 파일</Filter>
    </ClCompile>
    <ClCompile Include="..\..\Fried.Core\ImageSegmenter.cpp">
      <Filter>소스 파일\Core</Filter>
    </ClCompile>
    <ClCompile Include="..\..\Fried.Core\FeatureExtractor.cpp">
      <Filter>소스 파일\Core</Filter>
    </ClCompile>
    <ClCompile Include="..\..\Fried.Core\MachineLearner.cpp">
      <Filter>소스 파일\Core</Filter>
    </ClCompile>
  </ItemGroup>
  <ItemGroup>
    <ClInclude Include="..\..\Fried.Core\ImageSegmenter.h">
      <Filter>헤더 파일\Core</Filter>
    </ClInclude>
    <ClInclude Include="..\..\Fried.Core\Common.h">
      <Filter>헤더 파일\Core</Filter>
    </ClInclude>
    <ClInclude Include="..\..\Fried.Core\FeatureExtractor.h">
      <Filter>헤더 파일\Core</Filter>
    </ClInclude>
    <ClInclude Include="..\..\Fried.Core\MachineLearner.h">
      <Filter>헤더 파일\Core</Filter>
    </ClInclude>
    <ClInclude Include="..\..\Fried.Core\Fried.h">
      <Filter>헤더 파일\Core</Filter>
    </ClInclude>
  </ItemGroup>
</Project>