
Microsoft Visual Studio Solution File, Format Version 12.00
# Visual Studio 2012
Project("{8BC9CEB8-8B4A-11D0-8D11-00A0C91BC942}") = "Fried.Console", "Fried.Console\Fried.Console.vcxproj", "{1E34DC62-C7C8-4BC6-A947-60E471ACB6C5}"
EndProject
Project("{8BC9CEB8-8B4A-11D0-8D11-00A0C91BC942}") = "Fried.MFC", "Fried.MFC\Fried.MFC.vcxproj", "{3CF24032-011F-419E-8C6D-7E473DC858F9}"
EndProject
Global
	GlobalSection(SolutionConfigurationPlatforms) = preSolution
		Debug|Win32 = Debug|Win32
		Release|Win32 = Release|Win32
	EndGlobalSection
	GlobalSection(ProjectConfigurationPlatforms) = postSolution
		{1E34DC62-C7C8-4BC6-A947-60E471ACB6C5}.Debug|Win32.ActiveCfg = Debug|Win32
		{1E34DC62-C7C8-4BC6-A947-60E471ACB6C5}.Debug|Win32.Build.0 = Debug|Win32
		{1E34DC62-C7C8-4BC6-A947-60E471ACB6C5}.Release|Win32.ActiveCfg = Release|Win32
		{1E34DC62-C7C8-4BC6-A947-60E471ACB6C5}.Release|Win32.Build.0 = Release|Win32
		{3CF24032-011F-419E-8C6D-7E473DC858F9}.Debug|Win32.ActiveCfg = Debug|Win32
		{3CF24032-011F-419E-8C6D-7E473DC858F9}.Debug|Win32.Build.0 = Debug|Win32
		{3CF24032-011F-419E-8C6D-7E473DC858F9}.Release|Win32.ActiveCfg = Release|Win32
		{3CF24032-011F-419E-8C6D-7E473DC858F9}.Release|Win32.Build.0 = Release|Win32
	EndGlobalSection
	GlobalSection(SolutionProperties) = preSolution
		HideSolutionNode = FALSE
	EndGlobalSection
EndGlobal
